
Microsoft Visual Studio Solution File, Format Version 11.00
# Visual Studio 2010
Project("{FAE04EC0-301F-11D3-BF4B-00C04F79EFBC}") = "MSBuild.XCode", "MSBuild.XCode\MSBuild.XCode.csproj", "{68195FA5-2A86-4C7C-856F-7CCBDC721D68}"
EndProject
Project("{FAE04EC0-301F-11D3-BF4B-00C04F79EFBC}") = "MSBuild.XCode.Test", "MSBuild.XCode.Test\MSBuild.XCode.Test.csproj", "{03540C28-E336-47A7-A6AE-429281E5E1BF}"
EndProject
Project("{FAE04EC0-301F-11D3-BF4B-00C04F79EFBC}") = "MSBuild.XCode.UnitTest", "MSBuild.XCode.UnitTest\MSBuild.XCode.UnitTest.csproj", "{42FE2C24-FFE2-4961-AB7B-29785A040882}"
EndProject
Project("{2150E333-8FDC-42A3-9474-1A3956D46DE8}") = "Solution Items", "Solution Items", "{DBBE51EA-7834-4C3C-AB04-BE55978E8641}"
	ProjectSection(SolutionItems) = preProject
		Local.testsettings = Local.testsettings
		MSBuild.XCode.vsmdi = MSBuild.XCode.vsmdi
		TraceAndTestImpact.testsettings = TraceAndTestImpact.testsettings
	EndProjectSection
EndProject
Global
	GlobalSection(TestCaseManagementSettings) = postSolution
		CategoryFile = MSBuild.XCode.vsmdi
	EndGlobalSection
	GlobalSection(SolutionConfigurationPlatforms) = preSolution
		Debug|Any CPU = Debug|Any CPU
		Debug|Mixed Platforms = Debug|Mixed Platforms
		Debug|x86 = Debug|x86
		Release|Any CPU = Release|Any CPU
		Release|Mixed Platforms = Release|Mixed Platforms
		Release|x86 = Release|x86
	EndGlobalSection
	GlobalSection(ProjectConfigurationPlatforms) = postSolution
		{68195FA5-2A86-4C7C-856F-7CCBDC721D68}.Debug|Any CPU.ActiveCfg = Debug|Any CPU
		{68195FA5-2A86-4C7C-856F-7CCBDC721D68}.Debug|Any CPU.Build.0 = Debug|Any CPU
		{68195FA5-2A86-4C7C-856F-7CCBDC721D68}.Debug|Mixed Platforms.ActiveCfg = Debug|Any CPU
		{68195FA5-2A86-4C7C-856F-7CCBDC721D68}.Debug|Mixed Platforms.Build.0 = Debug|Any CPU
		{68195FA5-2A86-4C7C-856F-7CCBDC721D68}.Debug|x86.ActiveCfg = Debug|Any CPU
		{68195FA5-2A86-4C7C-856F-7CCBDC721D68}.Release|Any CPU.ActiveCfg = Release|Any CPU
		{68195FA5-2A86-4C7C-856F-7CCBDC721D68}.Release|Any CPU.Build.0 = Release|Any CPU
		{68195FA5-2A86-4C7C-856F-7CCBDC721D68}.Release|Mixed Platforms.ActiveCfg = Release|Any CPU
		{68195FA5-2A86-4C7C-856F-7CCBDC721D68}.Release|Mixed Platforms.Build.0 = Release|Any CPU
		{68195FA5-2A86-4C7C-856F-7CCBDC721D68}.Release|x86.ActiveCfg = Release|Any CPU
		{03540C28-E336-47A7-A6AE-429281E5E1BF}.Debug|Any CPU.ActiveCfg = Debug|Any CPU
		{03540C28-E336-47A7-A6AE-429281E5E1BF}.Debug|Any CPU.Build.0 = Debug|Any CPU
		{03540C28-E336-47A7-A6AE-429281E5E1BF}.Debug|Mixed Platforms.ActiveCfg = Debug|x86
		{03540C28-E336-47A7-A6AE-429281E5E1BF}.Debug|Mixed Platforms.Build.0 = Debug|x86
		{03540C28-E336-47A7-A6AE-429281E5E1BF}.Debug|x86.ActiveCfg = Debug|x86
		{03540C28-E336-47A7-A6AE-429281E5E1BF}.Debug|x86.Build.0 = Debug|x86
		{03540C28-E336-47A7-A6AE-429281E5E1BF}.Release|Any CPU.ActiveCfg = Release|Any CPU
		{03540C28-E336-47A7-A6AE-429281E5E1BF}.Release|Any CPU.Build.0 = Release|Any CPU
		{03540C28-E336-47A7-A6AE-429281E5E1BF}.Release|Mixed Platforms.ActiveCfg = Release|x86
		{03540C28-E336-47A7-A6AE-429281E5E1BF}.Release|Mixed Platforms.Build.0 = Release|x86
		{03540C28-E336-47A7-A6AE-429281E5E1BF}.Release|x86.ActiveCfg = Release|x86
		{03540C28-E336-47A7-A6AE-429281E5E1BF}.Release|x86.Build.0 = Release|x86
		{42FE2C24-FFE2-4961-AB7B-29785A040882}.Debug|Any CPU.ActiveCfg = Debug|Any CPU
		{42FE2C24-FFE2-4961-AB7B-29785A040882}.Debug|Any CPU.Build.0 = Debug|Any CPU
		{42FE2C24-FFE2-4961-AB7B-29785A040882}.Debug|Mixed Platforms.ActiveCfg = Debug|Any CPU
		{42FE2C24-FFE2-4961-AB7B-29785A040882}.Debug|Mixed Platforms.Build.0 = Debug|Any CPU
		{42FE2C24-FFE2-4961-AB7B-29785A040882}.Debug|x86.ActiveCfg = Debug|Any CPU
		{42FE2C24-FFE2-4961-AB7B-29785A040882}.Release|Any CPU.ActiveCfg = Release|Any CPU
		{42FE2C24-FFE2-4961-AB7B-29785A040882}.Release|Any CPU.Build.0 = Release|Any CPU
		{42FE2C24-FFE2-4961-AB7B-29785A040882}.Release|Mixed Platforms.ActiveCfg = Release|Any CPU
		{42FE2C24-FFE2-4961-AB7B-29785A040882}.Release|Mixed Platforms.Build.0 = Release|Any CPU
		{42FE2C24-FFE2-4961-AB7B-29785A040882}.Release|x86.ActiveCfg = Release|Any CPU
	EndGlobalSection
	GlobalSection(SolutionProperties) = preSolution
		HideSolutionNode = FALSE
	EndGlobalSection
EndGlobal
