Microsoft Visual Studio Solution File, Format Version 12.00
# Visual Studio 14
VisualStudioVersion = 14.0.24720.0
MinimumVisualStudioVersion = 10.0.40219.1
Project("{8BC9CEB8-8B4A-11D0-8D11-00A0C91BC942}") = "xtest", "\xtest.vcxproj", "{611f2c30-803a-b9f2-f688-a1359c1dbf31}"
EndProject
Global
	GlobalSection(SolutionConfigurationPlatforms) = preSolution
		{DevDebugStatic [source\main\include] [target\$(Configuration)_$(Platform)_$(ToolSet)] [$(Name)_$(Configuration)_$(Platform)_$(ToolSet).lib]}|Win32 = {DevDebugStatic [source\main\include] [target\$(Configuration)_$(Platform)_$(ToolSet)] [$(Name)_$(Configuration)_$(Platform)_$(ToolSet).lib]}|Win32
		{DevDebugStatic [source\main\include] [target\$(Configuration)_$(Platform)_$(ToolSet)] [$(Name)_$(Configuration)_$(Platform)_$(ToolSet).lib]}|x64 = {DevDebugStatic [source\main\include] [target\$(Configuration)_$(Platform)_$(ToolSet)] [$(Name)_$(Configuration)_$(Platform)_$(ToolSet).lib]}|x64
		{DevReleaseStatic [source\main\include] [target\$(Configuration)_$(Platform)_$(ToolSet)] [$(Name)_$(Configuration)_$(Platform)_$(ToolSet).lib]}|Win32 = {DevReleaseStatic [source\main\include] [target\$(Configuration)_$(Platform)_$(ToolSet)] [$(Name)_$(Configuration)_$(Platform)_$(ToolSet).lib]}|Win32
		{DevReleaseStatic [source\main\include] [target\$(Configuration)_$(Platform)_$(ToolSet)] [$(Name)_$(Configuration)_$(Platform)_$(ToolSet).lib]}|x64 = {DevReleaseStatic [source\main\include] [target\$(Configuration)_$(Platform)_$(ToolSet)] [$(Name)_$(Configuration)_$(Platform)_$(ToolSet).lib]}|x64
		{TestDebugStatic [source\main\include] [target\$(Configuration)_$(Platform)_$(ToolSet)] [$(Name)_$(Configuration)_$(Platform)_$(ToolSet).lib]}|Win32 = {TestDebugStatic [source\main\include] [target\$(Configuration)_$(Platform)_$(ToolSet)] [$(Name)_$(Configuration)_$(Platform)_$(ToolSet).lib]}|Win32
		{TestDebugStatic [source\main\include] [target\$(Configuration)_$(Platform)_$(ToolSet)] [$(Name)_$(Configuration)_$(Platform)_$(ToolSet).lib]}|x64 = {TestDebugStatic [source\main\include] [target\$(Configuration)_$(Platform)_$(ToolSet)] [$(Name)_$(Configuration)_$(Platform)_$(ToolSet).lib]}|x64
		{TestReleaseStatic [source\main\include] [target\$(Configuration)_$(Platform)_$(ToolSet)] [$(Name)_$(Configuration)_$(Platform)_$(ToolSet).lib]}|Win32 = {TestReleaseStatic [source\main\include] [target\$(Configuration)_$(Platform)_$(ToolSet)] [$(Name)_$(Configuration)_$(Platform)_$(ToolSet).lib]}|Win32
		{TestReleaseStatic [source\main\include] [target\$(Configuration)_$(Platform)_$(ToolSet)] [$(Name)_$(Configuration)_$(Platform)_$(ToolSet).lib]}|x64 = {TestReleaseStatic [source\main\include] [target\$(Configuration)_$(Platform)_$(ToolSet)] [$(Name)_$(Configuration)_$(Platform)_$(ToolSet).lib]}|x64
	EndGlobalSection
	GlobalSection(ProjectConfigurationPlatforms) = postSolution
		{611f2c30-803a-b9f2-f688-a1359c1dbf31}.{DevDebugStatic [source\main\include] [target\$(Configuration)_$(Platform)_$(ToolSet)] [$(Name)_$(Configuration)_$(Platform)_$(ToolSet).lib]}|Win32.ActiveCfg = {DevDebugStatic [source\main\include] [target\$(Configuration)_$(Platform)_$(ToolSet)] [$(Name)_$(Configuration)_$(Platform)_$(ToolSet).lib]}|Win32
		{611f2c30-803a-b9f2-f688-a1359c1dbf31}.{DevDebugStatic [source\main\include] [target\$(Configuration)_$(Platform)_$(ToolSet)] [$(Name)_$(Configuration)_$(Platform)_$(ToolSet).lib]}|Win32.Buid.0 = {DevDebugStatic [source\main\include] [target\$(Configuration)_$(Platform)_$(ToolSet)] [$(Name)_$(Configuration)_$(Platform)_$(ToolSet).lib]}|Win32
		{611f2c30-803a-b9f2-f688-a1359c1dbf31}.{DevDebugStatic [source\main\include] [target\$(Configuration)_$(Platform)_$(ToolSet)] [$(Name)_$(Configuration)_$(Platform)_$(ToolSet).lib]}|x64.ActiveCfg = {DevDebugStatic [source\main\include] [target\$(Configuration)_$(Platform)_$(ToolSet)] [$(Name)_$(Configuration)_$(Platform)_$(ToolSet).lib]}|x64
		{611f2c30-803a-b9f2-f688-a1359c1dbf31}.{DevDebugStatic [source\main\include] [target\$(Configuration)_$(Platform)_$(ToolSet)] [$(Name)_$(Configuration)_$(Platform)_$(ToolSet).lib]}|x64.Buid.0 = {DevDebugStatic [source\main\include] [target\$(Configuration)_$(Platform)_$(ToolSet)] [$(Name)_$(Configuration)_$(Platform)_$(ToolSet).lib]}|x64
		{611f2c30-803a-b9f2-f688-a1359c1dbf31}.{DevReleaseStatic [source\main\include] [target\$(Configuration)_$(Platform)_$(ToolSet)] [$(Name)_$(Configuration)_$(Platform)_$(ToolSet).lib]}|Win32.ActiveCfg = {DevReleaseStatic [source\main\include] [target\$(Configuration)_$(Platform)_$(ToolSet)] [$(Name)_$(Configuration)_$(Platform)_$(ToolSet).lib]}|Win32
		{611f2c30-803a-b9f2-f688-a1359c1dbf31}.{DevReleaseStatic [source\main\include] [target\$(Configuration)_$(Platform)_$(ToolSet)] [$(Name)_$(Configuration)_$(Platform)_$(ToolSet).lib]}|Win32.Buid.0 = {DevReleaseStatic [source\main\include] [target\$(Configuration)_$(Platform)_$(ToolSet)] [$(Name)_$(Configuration)_$(Platform)_$(ToolSet).lib]}|Win32
		{611f2c30-803a-b9f2-f688-a1359c1dbf31}.{DevReleaseStatic [source\main\include] [target\$(Configuration)_$(Platform)_$(ToolSet)] [$(Name)_$(Configuration)_$(Platform)_$(ToolSet).lib]}|x64.ActiveCfg = {DevReleaseStatic [source\main\include] [target\$(Configuration)_$(Platform)_$(ToolSet)] [$(Name)_$(Configuration)_$(Platform)_$(ToolSet).lib]}|x64
		{611f2c30-803a-b9f2-f688-a1359c1dbf31}.{DevReleaseStatic [source\main\include] [target\$(Configuration)_$(Platform)_$(ToolSet)] [$(Name)_$(Configuration)_$(Platform)_$(ToolSet).lib]}|x64.Buid.0 = {DevReleaseStatic [source\main\include] [target\$(Configuration)_$(Platform)_$(ToolSet)] [$(Name)_$(Configuration)_$(Platform)_$(ToolSet).lib]}|x64
		{611f2c30-803a-b9f2-f688-a1359c1dbf31}.{TestDebugStatic [source\main\include] [target\$(Configuration)_$(Platform)_$(ToolSet)] [$(Name)_$(Configuration)_$(Platform)_$(ToolSet).lib]}|Win32.ActiveCfg = {TestDebugStatic [source\main\include] [target\$(Configuration)_$(Platform)_$(ToolSet)] [$(Name)_$(Configuration)_$(Platform)_$(ToolSet).lib]}|Win32
		{611f2c30-803a-b9f2-f688-a1359c1dbf31}.{TestDebugStatic [source\main\include] [target\$(Configuration)_$(Platform)_$(ToolSet)] [$(Name)_$(Configuration)_$(Platform)_$(ToolSet).lib]}|Win32.Buid.0 = {TestDebugStatic [source\main\include] [target\$(Configuration)_$(Platform)_$(ToolSet)] [$(Name)_$(Configuration)_$(Platform)_$(ToolSet).lib]}|Win32
		{611f2c30-803a-b9f2-f688-a1359c1dbf31}.{TestDebugStatic [source\main\include] [target\$(Configuration)_$(Platform)_$(ToolSet)] [$(Name)_$(Configuration)_$(Platform)_$(ToolSet).lib]}|x64.ActiveCfg = {TestDebugStatic [source\main\include] [target\$(Configuration)_$(Platform)_$(ToolSet)] [$(Name)_$(Configuration)_$(Platform)_$(ToolSet).lib]}|x64
		{611f2c30-803a-b9f2-f688-a1359c1dbf31}.{TestDebugStatic [source\main\include] [target\$(Configuration)_$(Platform)_$(ToolSet)] [$(Name)_$(Configuration)_$(Platform)_$(ToolSet).lib]}|x64.Buid.0 = {TestDebugStatic [source\main\include] [target\$(Configuration)_$(Platform)_$(ToolSet)] [$(Name)_$(Configuration)_$(Platform)_$(ToolSet).lib]}|x64
		{611f2c30-803a-b9f2-f688-a1359c1dbf31}.{TestReleaseStatic [source\main\include] [target\$(Configuration)_$(Platform)_$(ToolSet)] [$(Name)_$(Configuration)_$(Platform)_$(ToolSet).lib]}|Win32.ActiveCfg = {TestReleaseStatic [source\main\include] [target\$(Configuration)_$(Platform)_$(ToolSet)] [$(Name)_$(Configuration)_$(Platform)_$(ToolSet).lib]}|Win32
		{611f2c30-803a-b9f2-f688-a1359c1dbf31}.{TestReleaseStatic [source\main\include] [target\$(Configuration)_$(Platform)_$(ToolSet)] [$(Name)_$(Configuration)_$(Platform)_$(ToolSet).lib]}|Win32.Buid.0 = {TestReleaseStatic [source\main\include] [target\$(Configuration)_$(Platform)_$(ToolSet)] [$(Name)_$(Configuration)_$(Platform)_$(ToolSet).lib]}|Win32
		{611f2c30-803a-b9f2-f688-a1359c1dbf31}.{TestReleaseStatic [source\main\include] [target\$(Configuration)_$(Platform)_$(ToolSet)] [$(Name)_$(Configuration)_$(Platform)_$(ToolSet).lib]}|x64.ActiveCfg = {TestReleaseStatic [source\main\include] [target\$(Configuration)_$(Platform)_$(ToolSet)] [$(Name)_$(Configuration)_$(Platform)_$(ToolSet).lib]}|x64
		{611f2c30-803a-b9f2-f688-a1359c1dbf31}.{TestReleaseStatic [source\main\include] [target\$(Configuration)_$(Platform)_$(ToolSet)] [$(Name)_$(Configuration)_$(Platform)_$(ToolSet).lib]}|x64.Buid.0 = {TestReleaseStatic [source\main\include] [target\$(Configuration)_$(Platform)_$(ToolSet)] [$(Name)_$(Configuration)_$(Platform)_$(ToolSet).lib]}|x64
	EndGlobalSection
	GlobalSection(SolutionProperties) = preSolution
		HideSolutionNode = FALSE
	EndGlobalSection
EndGlobal
